
Microsoft Visual Studio Solution File, Format Version 12.00
# Visual Studio 14
VisualStudioVersion = 14.0.25420.1
MinimumVisualStudioVersion = 10.0.40219.1
Project("{FAE04EC0-301F-11D3-BF4B-00C04F79EFBC}") = "HelloWorld", "HelloWorld\HelloWorld\HelloWorld.csproj", "{9C328860-BCC7-4FA3-BD9D-62654F2D137A}"
EndProject
Project("{FAE04EC0-301F-11D3-BF4B-00C04F79EFBC}") = "HelloWorld.Droid", "HelloWorld\HelloWorld.Droid\HelloWorld.Droid.csproj", "{D321C878-9E00-424C-8FD9-0A81BE3D30DA}"
EndProject
Project("{FAE04EC0-301F-11D3-BF4B-00C04F79EFBC}") = "HelloWorld.iOS", "HelloWorld\HelloWorld.iOS\HelloWorld.iOS.csproj", "{1CAB10F0-00E8-47B8-810E-71B128EC8AC5}"
EndProject
Project("{FAE04EC0-301F-11D3-BF4B-00C04F79EFBC}") = "HelloWorld.WinPhone", "HelloWorld\HelloWorld.WinPhone\HelloWorld.WinPhone.csproj", "{307C605C-00AE-4B80-9857-3056AFBFC4F6}"
EndProject
Project("{FAE04EC0-301F-11D3-BF4B-00C04F79EFBC}") = "HelloWorld.UWP", "HelloWorld\HelloWorld.UWP\HelloWorld.UWP.csproj", "{B165603E-7DBC-45AE-81B8-A511901F0388}"
EndProject
Project("{FAE04EC0-301F-11D3-BF4B-00C04F79EFBC}") = "HelloWorld.Windows", "HelloWorld\HelloWorld.Windows\HelloWorld.Windows.csproj", "{CBD83B86-4C28-4E25-B76E-1BB7BF42F01E}"
EndProject
Global
	GlobalSection(SolutionConfigurationPlatforms) = preSolution
		Ad-Hoc|Any CPU = Ad-Hoc|Any CPU
		Ad-Hoc|ARM = Ad-Hoc|ARM
		Ad-Hoc|iPhone = Ad-Hoc|iPhone
		Ad-Hoc|iPhoneSimulator = Ad-Hoc|iPhoneSimulator
		Ad-Hoc|x64 = Ad-Hoc|x64
		Ad-Hoc|x86 = Ad-Hoc|x86
		AppStore|Any CPU = AppStore|Any CPU
		AppStore|ARM = AppStore|ARM
		AppStore|iPhone = AppStore|iPhone
		AppStore|iPhoneSimulator = AppStore|iPhoneSimulator
		AppStore|x64 = AppStore|x64
		AppStore|x86 = AppStore|x86
		Debug|Any CPU = Debug|Any CPU
		Debug|ARM = Debug|ARM
		Debug|iPhone = Debug|iPhone
		Debug|iPhoneSimulator = Debug|iPhoneSimulator
		Debug|x64 = Debug|x64
		Debug|x86 = Debug|x86
		Release|Any CPU = Release|Any CPU
		Release|ARM = Release|ARM
		Release|iPhone = Release|iPhone
		Release|iPhoneSimulator = Release|iPhoneSimulator
		Release|x64 = Release|x64
		Release|x86 = Release|x86
	EndGlobalSection
	GlobalSection(ProjectConfigurationPlatforms) = postSolution
		{9C328860-BCC7-4FA3-BD9D-62654F2D137A}.Ad-Hoc|Any CPU.ActiveCfg = Release|Any CPU
		{9C328860-BCC7-4FA3-BD9D-62654F2D137A}.Ad-Hoc|Any CPU.Build.0 = Release|Any CPU
		{9C328860-BCC7-4FA3-BD9D-62654F2D137A}.Ad-Hoc|ARM.ActiveCfg = Release|Any CPU
		{9C328860-BCC7-4FA3-BD9D-62654F2D137A}.Ad-Hoc|ARM.Build.0 = Release|Any CPU
		{9C328860-BCC7-4FA3-BD9D-62654F2D137A}.Ad-Hoc|iPhone.ActiveCfg = Release|Any CPU
		{9C328860-BCC7-4FA3-BD9D-62654F2D137A}.Ad-Hoc|iPhone.Build.0 = Release|Any CPU
		{9C328860-BCC7-4FA3-BD9D-62654F2D137A}.Ad-Hoc|iPhoneSimulator.ActiveCfg = Release|Any CPU
		{9C328860-BCC7-4FA3-BD9D-62654F2D137A}.Ad-Hoc|iPhoneSimulator.Build.0 = Release|Any CPU
		{9C328860-BCC7-4FA3-BD9D-62654F2D137A}.Ad-Hoc|x64.ActiveCfg = Release|Any CPU
		{9C328860-BCC7-4FA3-BD9D-62654F2D137A}.Ad-Hoc|x64.Build.0 = Release|Any CPU
		{9C328860-BCC7-4FA3-BD9D-62654F2D137A}.Ad-Hoc|x86.ActiveCfg = Release|Any CPU
		{9C328860-BCC7-4FA3-BD9D-62654F2D137A}.Ad-Hoc|x86.Build.0 = Release|Any CPU
		{9C328860-BCC7-4FA3-BD9D-62654F2D137A}.AppStore|Any CPU.ActiveCfg = Release|Any CPU
		{9C328860-BCC7-4FA3-BD9D-62654F2D137A}.AppStore|Any CPU.Build.0 = Release|Any CPU
		{9C328860-BCC7-4FA3-BD9D-62654F2D137A}.AppStore|ARM.ActiveCfg = Release|Any CPU
		{9C328860-BCC7-4FA3-BD9D-62654F2D137A}.AppStore|ARM.Build.0 = Release|Any CPU
		{9C328860-BCC7-4FA3-BD9D-62654F2D137A}.AppStore|iPhone.ActiveCfg = Release|Any CPU
		{9C328860-BCC7-4FA3-BD9D-62654F2D137A}.AppStore|iPhone.Build.0 = Release|Any CPU
		{9C328860-BCC7-4FA3-BD9D-62654F2D137A}.AppStore|iPhoneSimulator.ActiveCfg = Release|Any CPU
		{9C328860-BCC7-4FA3-BD9D-62654F2D137A}.AppStore|iPhoneSimulator.Build.0 = Release|Any CPU
		{9C328860-BCC7-4FA3-BD9D-62654F2D137A}.AppStore|x64.ActiveCfg = Release|Any CPU
		{9C328860-BCC7-4FA3-BD9D-62654F2D137A}.AppStore|x64.Build.0 = Release|Any CPU
		{9C328860-BCC7-4FA3-BD9D-62654F2D137A}.AppStore|x86.ActiveCfg = Release|Any CPU
		{9C328860-BCC7-4FA3-BD9D-62654F2D137A}.AppStore|x86.Build.0 = Release|Any CPU
		{9C328860-BCC7-4FA3-BD9D-62654F2D137A}.Debug|Any CPU.ActiveCfg = Debug|Any CPU
		{9C328860-BCC7-4FA3-BD9D-62654F2D137A}.Debug|Any CPU.Build.0 = Debug|Any CPU
		{9C328860-BCC7-4FA3-BD9D-62654F2D137A}.Debug|ARM.ActiveCfg = Debug|Any CPU
		{9C328860-BCC7-4FA3-BD9D-62654F2D137A}.Debug|ARM.Build.0 = Debug|Any CPU
		{9C328860-BCC7-4FA3-BD9D-62654F2D137A}.Debug|iPhone.ActiveCfg = Debug|Any CPU
		{9C328860-BCC7-4FA3-BD9D-62654F2D137A}.Debug|iPhone.Build.0 = Debug|Any CPU
		{9C328860-BCC7-4FA3-BD9D-62654F2D137A}.Debug|iPhoneSimulator.ActiveCfg = Debug|Any CPU
		{9C328860-BCC7-4FA3-BD9D-62654F2D137A}.Debug|iPhoneSimulator.Build.0 = Debug|Any CPU
		{9C328860-BCC7-4FA3-BD9D-62654F2D137A}.Debug|x64.ActiveCfg = Debug|Any CPU
		{9C328860-BCC7-4FA3-BD9D-62654F2D137A}.Debug|x64.Build.0 = Debug|Any CPU
		{9C328860-BCC7-4FA3-BD9D-62654F2D137A}.Debug|x86.ActiveCfg = Debug|Any CPU
		{9C328860-BCC7-4FA3-BD9D-62654F2D137A}.Debug|x86.Build.0 = Debug|Any CPU
		{9C328860-BCC7-4FA3-BD9D-62654F2D137A}.Release|Any CPU.ActiveCfg = Release|Any CPU
		{9C328860-BCC7-4FA3-BD9D-62654F2D137A}.Release|Any CPU.Build.0 = Release|Any CPU
		{9C328860-BCC7-4FA3-BD9D-62654F2D137A}.Release|ARM.ActiveCfg = Release|Any CPU
		{9C328860-BCC7-4FA3-BD9D-62654F2D137A}.Release|ARM.Build.0 = Release|Any CPU
		{9C328860-BCC7-4FA3-BD9D-62654F2D137A}.Release|iPhone.ActiveCfg = Release|Any CPU
		{9C328860-BCC7-4FA3-BD9D-62654F2D137A}.Release|iPhone.Build.0 = Release|Any CPU
		{9C328860-BCC7-4FA3-BD9D-62654F2D137A}.Release|iPhoneSimulator.ActiveCfg = Release|Any CPU
		{9C328860-BCC7-4FA3-BD9D-62654F2D137A}.Release|iPhoneSimulator.Build.0 = Release|Any CPU
		{9C328860-BCC7-4FA3-BD9D-62654F2D137A}.Release|x64.ActiveCfg = Release|Any CPU
		{9C328860-BCC7-4FA3-BD9D-62654F2D137A}.Release|x64.Build.0 = Release|Any CPU
		{9C328860-BCC7-4FA3-BD9D-62654F2D137A}.Release|x86.ActiveCfg = Release|Any CPU
		{9C328860-BCC7-4FA3-BD9D-62654F2D137A}.Release|x86.Build.0 = Release|Any CPU
		{D321C878-9E00-424C-8FD9-0A81BE3D30DA}.Ad-Hoc|Any CPU.ActiveCfg = Release|Any CPU
		{D321C878-9E00-424C-8FD9-0A81BE3D30DA}.Ad-Hoc|Any CPU.Build.0 = Release|Any CPU
		{D321C878-9E00-424C-8FD9-0A81BE3D30DA}.Ad-Hoc|Any CPU.Deploy.0 = Release|Any CPU
		{D321C878-9E00-424C-8FD9-0A81BE3D30DA}.Ad-Hoc|ARM.ActiveCfg = Release|Any CPU
		{D321C878-9E00-424C-8FD9-0A81BE3D30DA}.Ad-Hoc|ARM.Build.0 = Release|Any CPU
		{D321C878-9E00-424C-8FD9-0A81BE3D30DA}.Ad-Hoc|ARM.Deploy.0 = Release|Any CPU
		{D321C878-9E00-424C-8FD9-0A81BE3D30DA}.Ad-Hoc|iPhone.ActiveCfg = Release|Any CPU
		{D321C878-9E00-424C-8FD9-0A81BE3D30DA}.Ad-Hoc|iPhone.Build.0 = Release|Any CPU
		{D321C878-9E00-424C-8FD9-0A81BE3D30DA}.Ad-Hoc|iPhone.Deploy.0 = Release|Any CPU
		{D321C878-9E00-424C-8FD9-0A81BE3D30DA}.Ad-Hoc|iPhoneSimulator.ActiveCfg = Release|Any CPU
		{D321C878-9E00-424C-8FD9-0A81BE3D30DA}.Ad-Hoc|iPhoneSimulator.Build.0 = Release|Any CPU
		{D321C878-9E00-424C-8FD9-0A81BE3D30DA}.Ad-Hoc|iPhoneSimulator.Deploy.0 = Release|Any CPU
		{D321C878-9E00-424C-8FD9-0A81BE3D30DA}.Ad-Hoc|x64.ActiveCfg = Release|Any CPU
		{D321C878-9E00-424C-8FD9-0A81BE3D30DA}.Ad-Hoc|x64.Build.0 = Release|Any CPU
		{D321C878-9E00-424C-8FD9-0A81BE3D30DA}.Ad-Hoc|x64.Deploy.0 = Release|Any CPU
		{D321C878-9E00-424C-8FD9-0A81BE3D30DA}.Ad-Hoc|x86.ActiveCfg = Release|Any CPU
		{D321C878-9E00-424C-8FD9-0A81BE3D30DA}.Ad-Hoc|x86.Build.0 = Release|Any CPU
		{D321C878-9E00-424C-8FD9-0A81BE3D30DA}.Ad-Hoc|x86.Deploy.0 = Release|Any CPU
		{D321C878-9E00-424C-8FD9-0A81BE3D30DA}.AppStore|Any CPU.ActiveCfg = Release|Any CPU
		{D321C878-9E00-424C-8FD9-0A81BE3D30DA}.AppStore|Any CPU.Build.0 = Release|Any CPU
		{D321C878-9E00-424C-8FD9-0A81BE3D30DA}.AppStore|Any CPU.Deploy.0 = Release|Any CPU
		{D321C878-9E00-424C-8FD9-0A81BE3D30DA}.AppStore|ARM.ActiveCfg = Release|Any CPU
		{D321C878-9E00-424C-8FD9-0A81BE3D30DA}.AppStore|ARM.Build.0 = Release|Any CPU
		{D321C878-9E00-424C-8FD9-0A81BE3D30DA}.AppStore|ARM.Deploy.0 = Release|Any CPU
		{D321C878-9E00-424C-8FD9-0A81BE3D30DA}.AppStore|iPhone.ActiveCfg = Release|Any CPU
		{D321C878-9E00-424C-8FD9-0A81BE3D30DA}.AppStore|iPhone.Build.0 = Release|Any CPU
		{D321C878-9E00-424C-8FD9-0A81BE3D30DA}.AppStore|iPhone.Deploy.0 = Release|Any CPU
		{D321C878-9E00-424C-8FD9-0A81BE3D30DA}.AppStore|iPhoneSimulator.ActiveCfg = Release|Any CPU
		{D321C878-9E00-424C-8FD9-0A81BE3D30DA}.AppStore|iPhoneSimulator.Build.0 = Release|Any CPU
		{D321C878-9E00-424C-8FD9-0A81BE3D30DA}.AppStore|iPhoneSimulator.Deploy.0 = Release|Any CPU
		{D321C878-9E00-424C-8FD9-0A81BE3D30DA}.AppStore|x64.ActiveCfg = Release|Any CPU
		{D321C878-9E00-424C-8FD9-0A81BE3D30DA}.AppStore|x64.Build.0 = Release|Any CPU
		{D321C878-9E00-424C-8FD9-0A81BE3D30DA}.AppStore|x64.Deploy.0 = Release|Any CPU
		{D321C878-9E00-424C-8FD9-0A81BE3D30DA}.AppStore|x86.ActiveCfg = Release|Any CPU
		{D321C878-9E00-424C-8FD9-0A81BE3D30DA}.AppStore|x86.Build.0 = Release|Any CPU
		{D321C878-9E00-424C-8FD9-0A81BE3D30DA}.AppStore|x86.Deploy.0 = Release|Any CPU
		{D321C878-9E00-424C-8FD9-0A81BE3D30DA}.Debug|Any CPU.ActiveCfg = Debug|Any CPU
		{D321C878-9E00-424C-8FD9-0A81BE3D30DA}.Debug|Any CPU.Build.0 = Debug|Any CPU
		{D321C878-9E00-424C-8FD9-0A81BE3D30DA}.Debug|Any CPU.Deploy.0 = Debug|Any CPU
		{D321C878-9E00-424C-8FD9-0A81BE3D30DA}.Debug|ARM.ActiveCfg = Debug|Any CPU
		{D321C878-9E00-424C-8FD9-0A81BE3D30DA}.Debug|ARM.Build.0 = Debug|Any CPU
		{D321C878-9E00-424C-8FD9-0A81BE3D30DA}.Debug|ARM.Deploy.0 = Debug|Any CPU
		{D321C878-9E00-424C-8FD9-0A81BE3D30DA}.Debug|iPhone.ActiveCfg = Debug|Any CPU
		{D321C878-9E00-424C-8FD9-0A81BE3D30DA}.Debug|iPhone.Build.0 = Debug|Any CPU
		{D321C878-9E00-424C-8FD9-0A81BE3D30DA}.Debug|iPhone.Deploy.0 = Debug|Any CPU
		{D321C878-9E00-424C-8FD9-0A81BE3D30DA}.Debug|iPhoneSimulator.ActiveCfg = Debug|Any CPU
		{D321C878-9E00-424C-8FD9-0A81BE3D30DA}.Debug|iPhoneSimulator.Build.0 = Debug|Any CPU
		{D321C878-9E00-424C-8FD9-0A81BE3D30DA}.Debug|iPhoneSimulator.Deploy.0 = Debug|Any CPU
		{D321C878-9E00-424C-8FD9-0A81BE3D30DA}.Debug|x64.ActiveCfg = Debug|Any CPU
		{D321C878-9E00-424C-8FD9-0A81BE3D30DA}.Debug|x64.Build.0 = Debug|Any CPU
		{D321C878-9E00-424C-8FD9-0A81BE3D30DA}.Debug|x64.Deploy.0 = Debug|Any CPU
		{D321C878-9E00-424C-8FD9-0A81BE3D30DA}.Debug|x86.ActiveCfg = Debug|Any CPU
		{D321C878-9E00-424C-8FD9-0A81BE3D30DA}.Debug|x86.Build.0 = Debug|Any CPU
		{D321C878-9E00-424C-8FD9-0A81BE3D30DA}.Debug|x86.Deploy.0 = Debug|Any CPU
		{D321C878-9E00-424C-8FD9-0A81BE3D30DA}.Release|Any CPU.ActiveCfg = Release|Any CPU
		{D321C878-9E00-424C-8FD9-0A81BE3D30DA}.Release|Any CPU.Build.0 = Release|Any CPU
		{D321C878-9E00-424C-8FD9-0A81BE3D30DA}.Release|Any CPU.Deploy.0 = Release|Any CPU
		{D321C878-9E00-424C-8FD9-0A81BE3D30DA}.Release|ARM.ActiveCfg = Release|Any CPU
		{D321C878-9E00-424C-8FD9-0A81BE3D30DA}.Release|ARM.Build.0 = Release|Any CPU
		{D321C878-9E00-424C-8FD9-0A81BE3D30DA}.Release|ARM.Deploy.0 = Release|Any CPU
		{D321C878-9E00-424C-8FD9-0A81BE3D30DA}.Release|iPhone.ActiveCfg = Release|Any CPU
		{D321C878-9E00-424C-8FD9-0A81BE3D30DA}.Release|iPhone.Build.0 = Release|Any CPU
		{D321C878-9E00-424C-8FD9-0A81BE3D30DA}.Release|iPhone.Deploy.0 = Release|Any CPU
		{D321C878-9E00-424C-8FD9-0A81BE3D30DA}.Release|iPhoneSimulator.ActiveCfg = Release|Any CPU
		{D321C878-9E00-424C-8FD9-0A81BE3D30DA}.Release|iPhoneSimulator.Build.0 = Release|Any CPU
		{D321C878-9E00-424C-8FD9-0A81BE3D30DA}.Release|iPhoneSimulator.Deploy.0 = Release|Any CPU
		{D321C878-9E00-424C-8FD9-0A81BE3D30DA}.Release|x64.ActiveCfg = Release|Any CPU
		{D321C878-9E00-424C-8FD9-0A81BE3D30DA}.Release|x64.Build.0 = Release|Any CPU
		{D321C878-9E00-424C-8FD9-0A81BE3D30DA}.Release|x64.Deploy.0 = Release|Any CPU
		{D321C878-9E00-424C-8FD9-0A81BE3D30DA}.Release|x86.ActiveCfg = Release|Any CPU
		{D321C878-9E00-424C-8FD9-0A81BE3D30DA}.Release|x86.Build.0 = Release|Any CPU
		{D321C878-9E00-424C-8FD9-0A81BE3D30DA}.Release|x86.Deploy.0 = Release|Any CPU
		{1CAB10F0-00E8-47B8-810E-71B128EC8AC5}.Ad-Hoc|Any CPU.ActiveCfg = Ad-Hoc|iPhone
		{1CAB10F0-00E8-47B8-810E-71B128EC8AC5}.Ad-Hoc|ARM.ActiveCfg = Ad-Hoc|iPhone
		{1CAB10F0-00E8-47B8-810E-71B128EC8AC5}.Ad-Hoc|iPhone.ActiveCfg = Ad-Hoc|iPhone
		{1CAB10F0-00E8-47B8-810E-71B128EC8AC5}.Ad-Hoc|iPhone.Build.0 = Ad-Hoc|iPhone
		{1CAB10F0-00E8-47B8-810E-71B128EC8AC5}.Ad-Hoc|iPhoneSimulator.ActiveCfg = Ad-Hoc|iPhoneSimulator
		{1CAB10F0-00E8-47B8-810E-71B128EC8AC5}.Ad-Hoc|iPhoneSimulator.Build.0 = Ad-Hoc|iPhoneSimulator
		{1CAB10F0-00E8-47B8-810E-71B128EC8AC5}.Ad-Hoc|x64.ActiveCfg = Ad-Hoc|iPhone
		{1CAB10F0-00E8-47B8-810E-71B128EC8AC5}.Ad-Hoc|x86.ActiveCfg = Ad-Hoc|iPhone
		{1CAB10F0-00E8-47B8-810E-71B128EC8AC5}.AppStore|Any CPU.ActiveCfg = AppStore|iPhone
		{1CAB10F0-00E8-47B8-810E-71B128EC8AC5}.AppStore|ARM.ActiveCfg = AppStore|iPhone
		{1CAB10F0-00E8-47B8-810E-71B128EC8AC5}.AppStore|iPhone.ActiveCfg = AppStore|iPhone
		{1CAB10F0-00E8-47B8-810E-71B128EC8AC5}.AppStore|iPhone.Build.0 = AppStore|iPhone
		{1CAB10F0-00E8-47B8-810E-71B128EC8AC5}.AppStore|iPhoneSimulator.ActiveCfg = AppStore|iPhoneSimulator
		{1CAB10F0-00E8-47B8-810E-71B128EC8AC5}.AppStore|iPhoneSimulator.Build.0 = AppStore|iPhoneSimulator
		{1CAB10F0-00E8-47B8-810E-71B128EC8AC5}.AppStore|x64.ActiveCfg = AppStore|iPhone
		{1CAB10F0-00E8-47B8-810E-71B128EC8AC5}.AppStore|x86.ActiveCfg = AppStore|iPhone
		{1CAB10F0-00E8-47B8-810E-71B128EC8AC5}.Debug|Any CPU.ActiveCfg = Debug|iPhone
		{1CAB10F0-00E8-47B8-810E-71B128EC8AC5}.Debug|ARM.ActiveCfg = Debug|iPhone
		{1CAB10F0-00E8-47B8-810E-71B128EC8AC5}.Debug|iPhone.ActiveCfg = Debug|iPhone
		{1CAB10F0-00E8-47B8-810E-71B128EC8AC5}.Debug|iPhone.Build.0 = Debug|iPhone
		{1CAB10F0-00E8-47B8-810E-71B128EC8AC5}.Debug|iPhoneSimulator.ActiveCfg = Debug|iPhoneSimulator
		{1CAB10F0-00E8-47B8-810E-71B128EC8AC5}.Debug|iPhoneSimulator.Build.0 = Debug|iPhoneSimulator
		{1CAB10F0-00E8-47B8-810E-71B128EC8AC5}.Debug|x64.ActiveCfg = Debug|iPhone
		{1CAB10F0-00E8-47B8-810E-71B128EC8AC5}.Debug|x86.ActiveCfg = Debug|iPhone
		{1CAB10F0-00E8-47B8-810E-71B128EC8AC5}.Release|Any CPU.ActiveCfg = Release|iPhone
		{1CAB10F0-00E8-47B8-810E-71B128EC8AC5}.Release|ARM.ActiveCfg = Release|iPhone
		{1CAB10F0-00E8-47B8-810E-71B128EC8AC5}.Release|iPhone.ActiveCfg = Release|iPhone
		{1CAB10F0-00E8-47B8-810E-71B128EC8AC5}.Release|iPhone.Build.0 = Release|iPhone
		{1CAB10F0-00E8-47B8-810E-71B128EC8AC5}.Release|iPhoneSimulator.ActiveCfg = Release|iPhoneSimulator
		{1CAB10F0-00E8-47B8-810E-71B128EC8AC5}.Release|iPhoneSimulator.Build.0 = Release|iPhoneSimulator
		{1CAB10F0-00E8-47B8-810E-71B128EC8AC5}.Release|x64.ActiveCfg = Release|iPhone
		{1CAB10F0-00E8-47B8-810E-71B128EC8AC5}.Release|x86.ActiveCfg = Release|iPhone
		{307C605C-00AE-4B80-9857-3056AFBFC4F6}.Ad-Hoc|Any CPU.ActiveCfg = Release|Any CPU
		{307C605C-00AE-4B80-9857-3056AFBFC4F6}.Ad-Hoc|Any CPU.Build.0 = Release|Any CPU
		{307C605C-00AE-4B80-9857-3056AFBFC4F6}.Ad-Hoc|Any CPU.Deploy.0 = Release|Any CPU
		{307C605C-00AE-4B80-9857-3056AFBFC4F6}.Ad-Hoc|ARM.ActiveCfg = Release|ARM
		{307C605C-00AE-4B80-9857-3056AFBFC4F6}.Ad-Hoc|ARM.Build.0 = Release|ARM
		{307C605C-00AE-4B80-9857-3056AFBFC4F6}.Ad-Hoc|ARM.Deploy.0 = Release|ARM
		{307C605C-00AE-4B80-9857-3056AFBFC4F6}.Ad-Hoc|iPhone.ActiveCfg = Release|Any CPU
		{307C605C-00AE-4B80-9857-3056AFBFC4F6}.Ad-Hoc|iPhone.Build.0 = Release|Any CPU
		{307C605C-00AE-4B80-9857-3056AFBFC4F6}.Ad-Hoc|iPhone.Deploy.0 = Release|Any CPU
		{307C605C-00AE-4B80-9857-3056AFBFC4F6}.Ad-Hoc|iPhoneSimulator.ActiveCfg = Release|Any CPU
		{307C605C-00AE-4B80-9857-3056AFBFC4F6}.Ad-Hoc|iPhoneSimulator.Build.0 = Release|Any CPU
		{307C605C-00AE-4B80-9857-3056AFBFC4F6}.Ad-Hoc|iPhoneSimulator.Deploy.0 = Release|Any CPU
		{307C605C-00AE-4B80-9857-3056AFBFC4F6}.Ad-Hoc|x64.ActiveCfg = Release|Any CPU
		{307C605C-00AE-4B80-9857-3056AFBFC4F6}.Ad-Hoc|x64.Build.0 = Release|Any CPU
		{307C605C-00AE-4B80-9857-3056AFBFC4F6}.Ad-Hoc|x64.Deploy.0 = Release|Any CPU
		{307C605C-00AE-4B80-9857-3056AFBFC4F6}.Ad-Hoc|x86.ActiveCfg = Release|x86
		{307C605C-00AE-4B80-9857-3056AFBFC4F6}.Ad-Hoc|x86.Build.0 = Release|x86
		{307C605C-00AE-4B80-9857-3056AFBFC4F6}.Ad-Hoc|x86.Deploy.0 = Release|x86
		{307C605C-00AE-4B80-9857-3056AFBFC4F6}.AppStore|Any CPU.ActiveCfg = Release|Any CPU
		{307C605C-00AE-4B80-9857-3056AFBFC4F6}.AppStore|Any CPU.Build.0 = Release|Any CPU
		{307C605C-00AE-4B80-9857-3056AFBFC4F6}.AppStore|Any CPU.Deploy.0 = Release|Any CPU
		{307C605C-00AE-4B80-9857-3056AFBFC4F6}.AppStore|ARM.ActiveCfg = Release|ARM
		{307C605C-00AE-4B80-9857-3056AFBFC4F6}.AppStore|ARM.Build.0 = Release|ARM
		{307C605C-00AE-4B80-9857-3056AFBFC4F6}.AppStore|ARM.Deploy.0 = Release|ARM
		{307C605C-00AE-4B80-9857-3056AFBFC4F6}.AppStore|iPhone.ActiveCfg = Release|Any CPU
		{307C605C-00AE-4B80-9857-3056AFBFC4F6}.AppStore|iPhone.Build.0 = Release|Any CPU
		{307C605C-00AE-4B80-9857-3056AFBFC4F6}.AppStore|iPhone.Deploy.0 = Release|Any CPU
		{307C605C-00AE-4B80-9857-3056AFBFC4F6}.AppStore|iPhoneSimulator.ActiveCfg = Release|Any CPU
		{307C605C-00AE-4B80-9857-3056AFBFC4F6}.AppStore|iPhoneSimulator.Build.0 = Release|Any CPU
		{307C605C-00AE-4B80-9857-3056AFBFC4F6}.AppStore|iPhoneSimulator.Deploy.0 = Release|Any CPU
		{307C605C-00AE-4B80-9857-3056AFBFC4F6}.AppStore|x64.ActiveCfg = Release|Any CPU
		{307C605C-00AE-4B80-9857-3056AFBFC4F6}.AppStore|x64.Build.0 = Release|Any CPU
		{307C605C-00AE-4B80-9857-3056AFBFC4F6}.AppStore|x64.Deploy.0 = Release|Any CPU
		{307C605C-00AE-4B80-9857-3056AFBFC4F6}.AppStore|x86.ActiveCfg = Release|x86
		{307C605C-00AE-4B80-9857-3056AFBFC4F6}.AppStore|x86.Build.0 = Release|x86
		{307C605C-00AE-4B80-9857-3056AFBFC4F6}.AppStore|x86.Deploy.0 = Release|x86
		{307C605C-00AE-4B80-9857-3056AFBFC4F6}.Debug|Any CPU.ActiveCfg = Debug|Any CPU
		{307C605C-00AE-4B80-9857-3056AFBFC4F6}.Debug|Any CPU.Build.0 = Debug|Any CPU
		{307C605C-00AE-4B80-9857-3056AFBFC4F6}.Debug|Any CPU.Deploy.0 = Debug|Any CPU
		{307C605C-00AE-4B80-9857-3056AFBFC4F6}.Debug|ARM.ActiveCfg = Debug|ARM
		{307C605C-00AE-4B80-9857-3056AFBFC4F6}.Debug|ARM.Build.0 = Debug|ARM
		{307C605C-00AE-4B80-9857-3056AFBFC4F6}.Debug|ARM.Deploy.0 = Debug|ARM
		{307C605C-00AE-4B80-9857-3056AFBFC4F6}.Debug|iPhone.ActiveCfg = Debug|Any CPU
		{307C605C-00AE-4B80-9857-3056AFBFC4F6}.Debug|iPhone.Build.0 = Debug|Any CPU
		{307C605C-00AE-4B80-9857-3056AFBFC4F6}.Debug|iPhone.Deploy.0 = Debug|Any CPU
		{307C605C-00AE-4B80-9857-3056AFBFC4F6}.Debug|iPhoneSimulator.ActiveCfg = Debug|Any CPU
		{307C605C-00AE-4B80-9857-3056AFBFC4F6}.Debug|iPhoneSimulator.Build.0 = Debug|Any CPU
		{307C605C-00AE-4B80-9857-3056AFBFC4F6}.Debug|iPhoneSimulator.Deploy.0 = Debug|Any CPU
		{307C605C-00AE-4B80-9857-3056AFBFC4F6}.Debug|x64.ActiveCfg = Debug|Any CPU
		{307C605C-00AE-4B80-9857-3056AFBFC4F6}.Debug|x64.Build.0 = Debug|Any CPU
		{307C605C-00AE-4B80-9857-3056AFBFC4F6}.Debug|x64.Deploy.0 = Debug|Any CPU
		{307C605C-00AE-4B80-9857-3056AFBFC4F6}.Debug|x86.ActiveCfg = Debug|x86
		{307C605C-00AE-4B80-9857-3056AFBFC4F6}.Debug|x86.Build.0 = Debug|x86
		{307C605C-00AE-4B80-9857-3056AFBFC4F6}.Debug|x86.Deploy.0 = Debug|x86
		{307C605C-00AE-4B80-9857-3056AFBFC4F6}.Release|Any CPU.ActiveCfg = Release|Any CPU
		{307C605C-00AE-4B80-9857-3056AFBFC4F6}.Release|Any CPU.Build.0 = Release|Any CPU
		{307C605C-00AE-4B80-9857-3056AFBFC4F6}.Release|Any CPU.Deploy.0 = Release|Any CPU
		{307C605C-00AE-4B80-9857-3056AFBFC4F6}.Release|ARM.ActiveCfg = Release|ARM
		{307C605C-00AE-4B80-9857-3056AFBFC4F6}.Release|ARM.Build.0 = Release|ARM
		{307C605C-00AE-4B80-9857-3056AFBFC4F6}.Release|ARM.Deploy.0 = Release|ARM
		{307C605C-00AE-4B80-9857-3056AFBFC4F6}.Release|iPhone.ActiveCfg = Release|Any CPU
		{307C605C-00AE-4B80-9857-3056AFBFC4F6}.Release|iPhone.Build.0 = Release|Any CPU
		{307C605C-00AE-4B80-9857-3056AFBFC4F6}.Release|iPhone.Deploy.0 = Release|Any CPU
		{307C605C-00AE-4B80-9857-3056AFBFC4F6}.Release|iPhoneSimulator.ActiveCfg = Release|Any CPU
		{307C605C-00AE-4B80-9857-3056AFBFC4F6}.Release|iPhoneSimulator.Build.0 = Release|Any CPU
		{307C605C-00AE-4B80-9857-3056AFBFC4F6}.Release|iPhoneSimulator.Deploy.0 = Release|Any CPU
		{307C605C-00AE-4B80-9857-3056AFBFC4F6}.Release|x64.ActiveCfg = Release|Any CPU
		{307C605C-00AE-4B80-9857-3056AFBFC4F6}.Release|x64.Build.0 = Release|Any CPU
		{307C605C-00AE-4B80-9857-3056AFBFC4F6}.Release|x64.Deploy.0 = Release|Any CPU
		{307C605C-00AE-4B80-9857-3056AFBFC4F6}.Release|x86.ActiveCfg = Release|x86
		{307C605C-00AE-4B80-9857-3056AFBFC4F6}.Release|x86.Build.0 = Release|x86
		{307C605C-00AE-4B80-9857-3056AFBFC4F6}.Release|x86.Deploy.0 = Release|x86
		{B165603E-7DBC-45AE-81B8-A511901F0388}.Ad-Hoc|Any CPU.ActiveCfg = Release|x86
		{B165603E-7DBC-45AE-81B8-A511901F0388}.Ad-Hoc|Any CPU.Build.0 = Release|x86
		{B165603E-7DBC-45AE-81B8-A511901F0388}.Ad-Hoc|Any CPU.Deploy.0 = Release|x86
		{B165603E-7DBC-45AE-81B8-A511901F0388}.Ad-Hoc|ARM.ActiveCfg = Release|ARM
		{B165603E-7DBC-45AE-81B8-A511901F0388}.Ad-Hoc|ARM.Build.0 = Release|ARM
		{B165603E-7DBC-45AE-81B8-A511901F0388}.Ad-Hoc|ARM.Deploy.0 = Release|ARM
		{B165603E-7DBC-45AE-81B8-A511901F0388}.Ad-Hoc|iPhone.ActiveCfg = Release|x86
		{B165603E-7DBC-45AE-81B8-A511901F0388}.Ad-Hoc|iPhone.Build.0 = Release|x86
		{B165603E-7DBC-45AE-81B8-A511901F0388}.Ad-Hoc|iPhone.Deploy.0 = Release|x86
		{B165603E-7DBC-45AE-81B8-A511901F0388}.Ad-Hoc|iPhoneSimulator.ActiveCfg = Release|x86
		{B165603E-7DBC-45AE-81B8-A511901F0388}.Ad-Hoc|iPhoneSimulator.Build.0 = Release|x86
		{B165603E-7DBC-45AE-81B8-A511901F0388}.Ad-Hoc|iPhoneSimulator.Deploy.0 = Release|x86
		{B165603E-7DBC-45AE-81B8-A511901F0388}.Ad-Hoc|x64.ActiveCfg = Release|x64
		{B165603E-7DBC-45AE-81B8-A511901F0388}.Ad-Hoc|x64.Build.0 = Release|x64
		{B165603E-7DBC-45AE-81B8-A511901F0388}.Ad-Hoc|x64.Deploy.0 = Release|x64
		{B165603E-7DBC-45AE-81B8-A511901F0388}.Ad-Hoc|x86.ActiveCfg = Release|x86
		{B165603E-7DBC-45AE-81B8-A511901F0388}.Ad-Hoc|x86.Build.0 = Release|x86
		{B165603E-7DBC-45AE-81B8-A511901F0388}.Ad-Hoc|x86.Deploy.0 = Release|x86
		{B165603E-7DBC-45AE-81B8-A511901F0388}.AppStore|Any CPU.ActiveCfg = Release|x86
		{B165603E-7DBC-45AE-81B8-A511901F0388}.AppStore|Any CPU.Build.0 = Release|x86
		{B165603E-7DBC-45AE-81B8-A511901F0388}.AppStore|Any CPU.Deploy.0 = Release|x86
		{B165603E-7DBC-45AE-81B8-A511901F0388}.AppStore|ARM.ActiveCfg = Release|ARM
		{B165603E-7DBC-45AE-81B8-A511901F0388}.AppStore|ARM.Build.0 = Release|ARM
		{B165603E-7DBC-45AE-81B8-A511901F0388}.AppStore|ARM.Deploy.0 = Release|ARM
		{B165603E-7DBC-45AE-81B8-A511901F0388}.AppStore|iPhone.ActiveCfg = Release|x86
		{B165603E-7DBC-45AE-81B8-A511901F0388}.AppStore|iPhone.Build.0 = Release|x86
		{B165603E-7DBC-45AE-81B8-A511901F0388}.AppStore|iPhone.Deploy.0 = Release|x86
		{B165603E-7DBC-45AE-81B8-A511901F0388}.AppStore|iPhoneSimulator.ActiveCfg = Release|x86
		{B165603E-7DBC-45AE-81B8-A511901F0388}.AppStore|iPhoneSimulator.Build.0 = Release|x86
		{B165603E-7DBC-45AE-81B8-A511901F0388}.AppStore|iPhoneSimulator.Deploy.0 = Release|x86
		{B165603E-7DBC-45AE-81B8-A511901F0388}.AppStore|x64.ActiveCfg = Release|x64
		{B165603E-7DBC-45AE-81B8-A511901F0388}.AppStore|x64.Build.0 = Release|x64
		{B165603E-7DBC-45AE-81B8-A511901F0388}.AppStore|x64.Deploy.0 = Release|x64
		{B165603E-7DBC-45AE-81B8-A511901F0388}.AppStore|x86.ActiveCfg = Release|x86
		{B165603E-7DBC-45AE-81B8-A511901F0388}.AppStore|x86.Build.0 = Release|x86
		{B165603E-7DBC-45AE-81B8-A511901F0388}.AppStore|x86.Deploy.0 = Release|x86
		{B165603E-7DBC-45AE-81B8-A511901F0388}.Debug|Any CPU.ActiveCfg = Debug|x86
		{B165603E-7DBC-45AE-81B8-A511901F0388}.Debug|ARM.ActiveCfg = Debug|ARM
		{B165603E-7DBC-45AE-81B8-A511901F0388}.Debug|ARM.Build.0 = Debug|ARM
		{B165603E-7DBC-45AE-81B8-A511901F0388}.Debug|ARM.Deploy.0 = Debug|ARM
		{B165603E-7DBC-45AE-81B8-A511901F0388}.Debug|iPhone.ActiveCfg = Debug|x86
		{B165603E-7DBC-45AE-81B8-A511901F0388}.Debug|iPhoneSimulator.ActiveCfg = Debug|x86
		{B165603E-7DBC-45AE-81B8-A511901F0388}.Debug|x64.ActiveCfg = Debug|x64
		{B165603E-7DBC-45AE-81B8-A511901F0388}.Debug|x64.Build.0 = Debug|x64
		{B165603E-7DBC-45AE-81B8-A511901F0388}.Debug|x64.Deploy.0 = Debug|x64
		{B165603E-7DBC-45AE-81B8-A511901F0388}.Debug|x86.ActiveCfg = Debug|x86
		{B165603E-7DBC-45AE-81B8-A511901F0388}.Debug|x86.Build.0 = Debug|x86
		{B165603E-7DBC-45AE-81B8-A511901F0388}.Debug|x86.Deploy.0 = Debug|x86
		{B165603E-7DBC-45AE-81B8-A511901F0388}.Release|Any CPU.ActiveCfg = Release|x86
		{B165603E-7DBC-45AE-81B8-A511901F0388}.Release|ARM.ActiveCfg = Release|ARM
		{B165603E-7DBC-45AE-81B8-A511901F0388}.Release|ARM.Build.0 = Release|ARM
		{B165603E-7DBC-45AE-81B8-A511901F0388}.Release|ARM.Deploy.0 = Release|ARM
		{B165603E-7DBC-45AE-81B8-A511901F0388}.Release|iPhone.ActiveCfg = Release|x86
		{B165603E-7DBC-45AE-81B8-A511901F0388}.Release|iPhoneSimulator.ActiveCfg = Release|x86
		{B165603E-7DBC-45AE-81B8-A511901F0388}.Release|x64.ActiveCfg = Release|x64
		{B165603E-7DBC-45AE-81B8-A511901F0388}.Release|x64.Build.0 = Release|x64
		{B165603E-7DBC-45AE-81B8-A511901F0388}.Release|x64.Deploy.0 = Release|x64
		{B165603E-7DBC-45AE-81B8-A511901F0388}.Release|x86.ActiveCfg = Release|x86
		{B165603E-7DBC-45AE-81B8-A511901F0388}.Release|x86.Build.0 = Release|x86
		{B165603E-7DBC-45AE-81B8-A511901F0388}.Release|x86.Deploy.0 = Release|x86
		{CBD83B86-4C28-4E25-B76E-1BB7BF42F01E}.Ad-Hoc|Any CPU.ActiveCfg = Release|Any CPU
		{CBD83B86-4C28-4E25-B76E-1BB7BF42F01E}.Ad-Hoc|Any CPU.Build.0 = Release|Any CPU
		{CBD83B86-4C28-4E25-B76E-1BB7BF42F01E}.Ad-Hoc|Any CPU.Deploy.0 = Release|Any CPU
		{CBD83B86-4C28-4E25-B76E-1BB7BF42F01E}.Ad-Hoc|ARM.ActiveCfg = Release|ARM
		{CBD83B86-4C28-4E25-B76E-1BB7BF42F01E}.Ad-Hoc|ARM.Build.0 = Release|ARM
		{CBD83B86-4C28-4E25-B76E-1BB7BF42F01E}.Ad-Hoc|ARM.Deploy.0 = Release|ARM
		{CBD83B86-4C28-4E25-B76E-1BB7BF42F01E}.Ad-Hoc|iPhone.ActiveCfg = Release|Any CPU
		{CBD83B86-4C28-4E25-B76E-1BB7BF42F01E}.Ad-Hoc|iPhone.Build.0 = Release|Any CPU
		{CBD83B86-4C28-4E25-B76E-1BB7BF42F01E}.Ad-Hoc|iPhone.Deploy.0 = Release|Any CPU
		{CBD83B86-4C28-4E25-B76E-1BB7BF42F01E}.Ad-Hoc|iPhoneSimulator.ActiveCfg = Release|Any CPU
		{CBD83B86-4C28-4E25-B76E-1BB7BF42F01E}.Ad-Hoc|iPhoneSimulator.Build.0 = Release|Any CPU
		{CBD83B86-4C28-4E25-B76E-1BB7BF42F01E}.Ad-Hoc|iPhoneSimulator.Deploy.0 = Release|Any CPU
		{CBD83B86-4C28-4E25-B76E-1BB7BF42F01E}.Ad-Hoc|x64.ActiveCfg = Release|x64
		{CBD83B86-4C28-4E25-B76E-1BB7BF42F01E}.Ad-Hoc|x64.Build.0 = Release|x64
		{CBD83B86-4C28-4E25-B76E-1BB7BF42F01E}.Ad-Hoc|x64.Deploy.0 = Release|x64
		{CBD83B86-4C28-4E25-B76E-1BB7BF42F01E}.Ad-Hoc|x86.ActiveCfg = Release|x86
		{CBD83B86-4C28-4E25-B76E-1BB7BF42F01E}.Ad-Hoc|x86.Build.0 = Release|x86
		{CBD83B86-4C28-4E25-B76E-1BB7BF42F01E}.Ad-Hoc|x86.Deploy.0 = Release|x86
		{CBD83B86-4C28-4E25-B76E-1BB7BF42F01E}.AppStore|Any CPU.ActiveCfg = Release|Any CPU
		{CBD83B86-4C28-4E25-B76E-1BB7BF42F01E}.AppStore|Any CPU.Build.0 = Release|Any CPU
		{CBD83B86-4C28-4E25-B76E-1BB7BF42F01E}.AppStore|Any CPU.Deploy.0 = Release|Any CPU
		{CBD83B86-4C28-4E25-B76E-1BB7BF42F01E}.AppStore|ARM.ActiveCfg = Release|ARM
		{CBD83B86-4C28-4E25-B76E-1BB7BF42F01E}.AppStore|ARM.Build.0 = Release|ARM
		{CBD83B86-4C28-4E25-B76E-1BB7BF42F01E}.AppStore|ARM.Deploy.0 = Release|ARM
		{CBD83B86-4C28-4E25-B76E-1BB7BF42F01E}.AppStore|iPhone.ActiveCfg = Release|Any CPU
		{CBD83B86-4C28-4E25-B76E-1BB7BF42F01E}.AppStore|iPhone.Build.0 = Release|Any CPU
		{CBD83B86-4C28-4E25-B76E-1BB7BF42F01E}.AppStore|iPhone.Deploy.0 = Release|Any CPU
		{CBD83B86-4C28-4E25-B76E-1BB7BF42F01E}.AppStore|iPhoneSimulator.ActiveCfg = Release|Any CPU
		{CBD83B86-4C28-4E25-B76E-1BB7BF42F01E}.AppStore|iPhoneSimulator.Build.0 = Release|Any CPU
		{CBD83B86-4C28-4E25-B76E-1BB7BF42F01E}.AppStore|iPhoneSimulator.Deploy.0 = Release|Any CPU
		{CBD83B86-4C28-4E25-B76E-1BB7BF42F01E}.AppStore|x64.ActiveCfg = Release|x64
		{CBD83B86-4C28-4E25-B76E-1BB7BF42F01E}.AppStore|x64.Build.0 = Release|x64
		{CBD83B86-4C28-4E25-B76E-1BB7BF42F01E}.AppStore|x64.Deploy.0 = Release|x64
		{CBD83B86-4C28-4E25-B76E-1BB7BF42F01E}.AppStore|x86.ActiveCfg = Release|x86
		{CBD83B86-4C28-4E25-B76E-1BB7BF42F01E}.AppStore|x86.Build.0 = Release|x86
		{CBD83B86-4C28-4E25-B76E-1BB7BF42F01E}.AppStore|x86.Deploy.0 = Release|x86
		{CBD83B86-4C28-4E25-B76E-1BB7BF42F01E}.Debug|Any CPU.ActiveCfg = Debug|Any CPU
		{CBD83B86-4C28-4E25-B76E-1BB7BF42F01E}.Debug|Any CPU.Build.0 = Debug|Any CPU
		{CBD83B86-4C28-4E25-B76E-1BB7BF42F01E}.Debug|Any CPU.Deploy.0 = Debug|Any CPU
		{CBD83B86-4C28-4E25-B76E-1BB7BF42F01E}.Debug|ARM.ActiveCfg = Debug|ARM
		{CBD83B86-4C28-4E25-B76E-1BB7BF42F01E}.Debug|ARM.Build.0 = Debug|ARM
		{CBD83B86-4C28-4E25-B76E-1BB7BF42F01E}.Debug|ARM.Deploy.0 = Debug|ARM
		{CBD83B86-4C28-4E25-B76E-1BB7BF42F01E}.Debug|iPhone.ActiveCfg = Debug|Any CPU
		{CBD83B86-4C28-4E25-B76E-1BB7BF42F01E}.Debug|iPhone.Build.0 = Debug|Any CPU
		{CBD83B86-4C28-4E25-B76E-1BB7BF42F01E}.Debug|iPhone.Deploy.0 = Debug|Any CPU
		{CBD83B86-4C28-4E25-B76E-1BB7BF42F01E}.Debug|iPhoneSimulator.ActiveCfg = Debug|Any CPU
		{CBD83B86-4C28-4E25-B76E-1BB7BF42F01E}.Debug|iPhoneSimulator.Build.0 = Debug|Any CPU
		{CBD83B86-4C28-4E25-B76E-1BB7BF42F01E}.Debug|iPhoneSimulator.Deploy.0 = Debug|Any CPU
		{CBD83B86-4C28-4E25-B76E-1BB7BF42F01E}.Debug|x64.ActiveCfg = Debug|x64
		{CBD83B86-4C28-4E25-B76E-1BB7BF42F01E}.Debug|x64.Build.0 = Debug|x64
		{CBD83B86-4C28-4E25-B76E-1BB7BF42F01E}.Debug|x64.Deploy.0 = Debug|x64
		{CBD83B86-4C28-4E25-B76E-1BB7BF42F01E}.Debug|x86.ActiveCfg = Debug|x86
		{CBD83B86-4C28-4E25-B76E-1BB7BF42F01E}.Debug|x86.Build.0 = Debug|x86
		{CBD83B86-4C28-4E25-B76E-1BB7BF42F01E}.Debug|x86.Deploy.0 = Debug|x86
		{CBD83B86-4C28-4E25-B76E-1BB7BF42F01E}.Release|Any CPU.ActiveCfg = Release|Any CPU
		{CBD83B86-4C28-4E25-B76E-1BB7BF42F01E}.Release|Any CPU.Build.0 = Release|Any CPU
		{CBD83B86-4C28-4E25-B76E-1BB7BF42F01E}.Release|Any CPU.Deploy.0 = Release|Any CPU
		{CBD83B86-4C28-4E25-B76E-1BB7BF42F01E}.Release|ARM.ActiveCfg = Release|ARM
		{CBD83B86-4C28-4E25-B76E-1BB7BF42F01E}.Release|ARM.Build.0 = Release|ARM
		{CBD83B86-4C28-4E25-B76E-1BB7BF42F01E}.Release|ARM.Deploy.0 = Release|ARM
		{CBD83B86-4C28-4E25-B76E-1BB7BF42F01E}.Release|iPhone.ActiveCfg = Release|Any CPU
		{CBD83B86-4C28-4E25-B76E-1BB7BF42F01E}.Release|iPhone.Build.0 = Release|Any CPU
		{CBD83B86-4C28-4E25-B76E-1BB7BF42F01E}.Release|iPhone.Deploy.0 = Release|Any CPU
		{CBD83B86-4C28-4E25-B76E-1BB7BF42F01E}.Release|iPhoneSimulator.ActiveCfg = Release|Any CPU
		{CBD83B86-4C28-4E25-B76E-1BB7BF42F01E}.Release|iPhoneSimulator.Build.0 = Release|Any CPU
		{CBD83B86-4C28-4E25-B76E-1BB7BF42F01E}.Release|iPhoneSimulator.Deploy.0 = Release|Any CPU
		{CBD83B86-4C28-4E25-B76E-1BB7BF42F01E}.Release|x64.ActiveCfg = Release|x64
		{CBD83B86-4C28-4E25-B76E-1BB7BF42F01E}.Release|x64.Build.0 = Release|x64
		{CBD83B86-4C28-4E25-B76E-1BB7BF42F01E}.Release|x64.Deploy.0 = Release|x64
		{CBD83B86-4C28-4E25-B76E-1BB7BF42F01E}.Release|x86.ActiveCfg = Release|x86
		{CBD83B86-4C28-4E25-B76E-1BB7BF42F01E}.Release|x86.Build.0 = Release|x86
		{CBD83B86-4C28-4E25-B76E-1BB7BF42F01E}.Release|x86.Deploy.0 = Release|x86
	EndGlobalSection
	GlobalSection(SolutionProperties) = preSolution
		HideSolutionNode = FALSE
	EndGlobalSection
EndGlobal
