
Microsoft Visual Studio Solution File, Format Version 12.00
# Visual Studio 15
VisualStudioVersion = 15.0.27703.2035
MinimumVisualStudioVersion = 10.0.40219.1
Project("{9A19103F-16F7-4668-BE54-9A1E7A4F7556}") = "DatingApp.Api", "DatingApp.Api.csproj", "{FAEFB4E4-D163-4D55-BB40-CB828C31F11C}"
EndProject
Global
	GlobalSection(SolutionConfigurationPlatforms) = preSolution
		Debug|Any CPU = Debug|Any CPU
		Release|Any CPU = Release|Any CPU
	EndGlobalSection
	GlobalSection(ProjectConfigurationPlatforms) = postSolution
		{FAEFB4E4-D163-4D55-BB40-CB828C31F11C}.Debug|Any CPU.ActiveCfg = Debug|Any CPU
		{FAEFB4E4-D163-4D55-BB40-CB828C31F11C}.Debug|Any CPU.Build.0 = Debug|Any CPU
		{FAEFB4E4-D163-4D55-BB40-CB828C31F11C}.Release|Any CPU.ActiveCfg = Release|Any CPU
		{FAEFB4E4-D163-4D55-BB40-CB828C31F11C}.Release|Any CPU.Build.0 = Release|Any CPU
	EndGlobalSection
	GlobalSection(SolutionProperties) = preSolution
		HideSolutionNode = FALSE
	EndGlobalSection
	GlobalSection(ExtensibilityGlobals) = postSolution
		SolutionGuid = {8EC0DCE3-6CEF-4BC7-9EE2-F6032A6ED5BD}
	EndGlobalSection
EndGlobal
